// !$*UTF8*$!
{
	archiveVersion = 1;
	classes = {
	};
	objectVersion = 56;
	objects = {

/* Begin PBXBuildFile section */
		8A3288A929589FF50034CC83 /* LandmarksApp.swift in Sources */ = {isa = PBXBuildFile; fileRef = 8A3288A829589FF50034CC83 /* LandmarksApp.swift */; };
		8A3288AB29589FF50034CC83 /* ContentView.swift in Sources */ = {isa = PBXBuildFile; fileRef = 8A3288AA29589FF50034CC83 /* ContentView.swift */; };
		8A3288AD29589FF70034CC83 /* Assets.xcassets in Resources */ = {isa = PBXBuildFile; fileRef = 8A3288AC29589FF70034CC83 /* Assets.xcassets */; };
		8A3288B029589FF70034CC83 /* Preview Assets.xcassets in Resources */ = {isa = PBXBuildFile; fileRef = 8A3288AF29589FF70034CC83 /* Preview Assets.xcassets */; };
		8A3288B72958A9A00034CC83 /* CircleImage.swift in Sources */ = {isa = PBXBuildFile; fileRef = 8A3288B62958A9A00034CC83 /* CircleImage.swift */; };
		8A3288B92958BE750034CC83 /* MapView.swift in Sources */ = {isa = PBXBuildFile; fileRef = 8A3288B82958BE750034CC83 /* MapView.swift */; };
		8A3288BB2958CE6C0034CC83 /* landmarkData.json in Resources */ = {isa = PBXBuildFile; fileRef = 8A3288BA2958CE6C0034CC83 /* landmarkData.json */; };
		8A3288BD2958CEC40034CC83 /* Landmark.swift in Sources */ = {isa = PBXBuildFile; fileRef = 8A3288BC2958CEC40034CC83 /* Landmark.swift */; };
		8A3288BF2958D2DA0034CC83 /* ModelData.swift in Sources */ = {isa = PBXBuildFile; fileRef = 8A3288BE2958D2D90034CC83 /* ModelData.swift */; };
		8A3288C42958DF0A0034CC83 /* LandmarkRow.swift in Sources */ = {isa = PBXBuildFile; fileRef = 8A3288C32958DF0A0034CC83 /* LandmarkRow.swift */; };
		8A3288C62958E2C40034CC83 /* LandmarkList.swift in Sources */ = {isa = PBXBuildFile; fileRef = 8A3288C52958E2C40034CC83 /* LandmarkList.swift */; };
		8A3288C8295907230034CC83 /* LandmarkDetail.swift in Sources */ = {isa = PBXBuildFile; fileRef = 8A3288C7295907230034CC83 /* LandmarkDetail.swift */; };
		8A8A1E702A7323B5008C5DDA /* Menu.png in Resources */ = {isa = PBXBuildFile; fileRef = 8A8A1E6E2A7323B5008C5DDA /* Menu.png */; };
		8A8A1E712A7323B5008C5DDA /* Scape.png in Resources */ = {isa = PBXBuildFile; fileRef = 8A8A1E6F2A7323B5008C5DDA /* Scape.png */; };
/* End PBXBuildFile section */

/* Begin PBXFileReference section */
		8A3288A529589FF50034CC83 /* Landmarks.app */ = {isa = PBXFileReference; explicitFileType = wrapper.application; includeInIndex = 0; path = Landmarks.app; sourceTree = BUILT_PRODUCTS_DIR; };
		8A3288A829589FF50034CC83 /* LandmarksApp.swift */ = {isa = PBXFileReference; lastKnownFileType = sourcecode.swift; path = LandmarksApp.swift; sourceTree = "<group>"; };
		8A3288AA29589FF50034CC83 /* ContentView.swift */ = {isa = PBXFileReference; lastKnownFileType = sourcecode.swift; path = ContentView.swift; sourceTree = "<group>"; };
		8A3288AC29589FF70034CC83 /* Assets.xcassets */ = {isa = PBXFileReference; lastKnownFileType = folder.assetcatalog; path = Assets.xcassets; sourceTree = "<group>"; };
		8A3288AF29589FF70034CC83 /* Preview Assets.xcassets */ = {isa = PBXFileReference; lastKnownFileType = folder.assetcatalog; path = "Preview Assets.xcassets"; sourceTree = "<group>"; };
		8A3288B62958A9A00034CC83 /* CircleImage.swift */ = {isa = PBXFileReference; lastKnownFileType = sourcecode.swift; path = CircleImage.swift; sourceTree = "<group>"; };
		8A3288B82958BE750034CC83 /* MapView.swift */ = {isa = PBXFileReference; lastKnownFileType = sourcecode.swift; path = MapView.swift; sourceTree = "<group>"; };
		8A3288BA2958CE6C0034CC83 /* landmarkData.json */ = {isa = PBXFileReference; fileEncoding = 4; lastKnownFileType = text.json; path = landmarkData.json; sourceTree = "<group>"; };
		8A3288BC2958CEC40034CC83 /* Landmark.swift */ = {isa = PBXFileReference; lastKnownFileType = sourcecode.swift; path = Landmark.swift; sourceTree = "<group>"; };
		8A3288BE2958D2D90034CC83 /* ModelData.swift */ = {isa = PBXFileReference; lastKnownFileType = sourcecode.swift; path = ModelData.swift; sourceTree = "<group>"; };
		8A3288C32958DF0A0034CC83 /* LandmarkRow.swift */ = {isa = PBXFileReference; lastKnownFileType = sourcecode.swift; path = LandmarkRow.swift; sourceTree = "<group>"; };
		8A3288C52958E2C40034CC83 /* LandmarkList.swift */ = {isa = PBXFileReference; lastKnownFileType = sourcecode.swift; path = LandmarkList.swift; sourceTree = "<group>"; };
		8A3288C7295907230034CC83 /* LandmarkDetail.swift */ = {isa = PBXFileReference; lastKnownFileType = sourcecode.swift; path = LandmarkDetail.swift; sourceTree = "<group>"; };
		8A8A1E6E2A7323B5008C5DDA /* Menu.png */ = {isa = PBXFileReference; lastKnownFileType = image.png; path = Menu.png; sourceTree = "<group>"; };
		8A8A1E6F2A7323B5008C5DDA /* Scape.png */ = {isa = PBXFileReference; lastKnownFileType = image.png; path = Scape.png; sourceTree = "<group>"; };
/* End PBXFileReference section */

/* Begin PBXFrameworksBuildPhase section */
		8A3288A229589FF50034CC83 /* Frameworks */ = {
			isa = PBXFrameworksBuildPhase;
			buildActionMask = 2147483647;
			files = (
			);
			runOnlyForDeploymentPostprocessing = 0;
		};
/* End PBXFrameworksBuildPhase section */

/* Begin PBXGroup section */
		8A32889C29589FF50034CC83 = {
			isa = PBXGroup;
			children = (
				8A3288A729589FF50034CC83 /* Landmarks */,
				8A3288A629589FF50034CC83 /* Products */,
			);
			sourceTree = "<group>";
		};
		8A3288A629589FF50034CC83 /* Products */ = {
			isa = PBXGroup;
			children = (
				8A3288A529589FF50034CC83 /* Landmarks.app */,
			);
			name = Products;
			sourceTree = "<group>";
		};
		8A3288A729589FF50034CC83 /* Landmarks */ = {
			isa = PBXGroup;
			children = (
				8A8A1E6D2A7323B5008C5DDA /* Screenshots */,
				8A3288AC29589FF70034CC83 /* Assets.xcassets */,
				8A3288A829589FF50034CC83 /* LandmarksApp.swift */,
				8A3288C12958DB810034CC83 /* Model */,
				8A3288C02958DB450034CC83 /* View */,
				8A3288C22958DB9D0034CC83 /* Ressources */,
				8A3288AE29589FF70034CC83 /* Preview Content */,
			);
			path = Landmarks;
			sourceTree = "<group>";
		};
		8A3288AE29589FF70034CC83 /* Preview Content */ = {
			isa = PBXGroup;
			children = (
				8A3288AF29589FF70034CC83 /* Preview Assets.xcassets */,
			);
			path = "Preview Content";
			sourceTree = "<group>";
		};
		8A3288C02958DB450034CC83 /* View */ = {
			isa = PBXGroup;
			children = (
				8A3288B62958A9A00034CC83 /* CircleImage.swift */,
				8A3288AA29589FF50034CC83 /* ContentView.swift */,
				8A3288B82958BE750034CC83 /* MapView.swift */,
				8A3288C32958DF0A0034CC83 /* LandmarkRow.swift */,
				8A3288C52958E2C40034CC83 /* LandmarkList.swift */,
				8A3288C7295907230034CC83 /* LandmarkDetail.swift */,
			);
			path = View;
			sourceTree = "<group>";
		};
		8A3288C12958DB810034CC83 /* Model */ = {
			isa = PBXGroup;
			children = (
				8A3288BC2958CEC40034CC83 /* Landmark.swift */,
				8A3288BE2958D2D90034CC83 /* ModelData.swift */,
			);
			path = Model;
			sourceTree = "<group>";
		};
		8A3288C22958DB9D0034CC83 /* Ressources */ = {
			isa = PBXGroup;
			children = (
				8A3288BA2958CE6C0034CC83 /* landmarkData.json */,
			);
			path = Ressources;
			sourceTree = "<group>";
		};
		8A8A1E6D2A7323B5008C5DDA /* Screenshots */ = {
			isa = PBXGroup;
			children = (
				8A8A1E6E2A7323B5008C5DDA /* Menu.png */,
				8A8A1E6F2A7323B5008C5DDA /* Scape.png */,
			);
			path = Screenshots;
			sourceTree = SOURCE_ROOT;
		};
/* End PBXGroup section */

/* Begin PBXNativeTarget section */
		8A3288A429589FF50034CC83 /* Landmarks */ = {
			isa = PBXNativeTarget;
			buildConfigurationList = 8A3288B329589FF70034CC83 /* Build configuration list for PBXNativeTarget "Landmarks" */;
			buildPhases = (
				8A3288A129589FF50034CC83 /* Sources */,
				8A3288A229589FF50034CC83 /* Frameworks */,
				8A3288A329589FF50034CC83 /* Resources */,
			);
			buildRules = (
			);
			dependencies = (
			);
			name = Landmarks;
			productName = Landmarks;
			productReference = 8A3288A529589FF50034CC83 /* Landmarks.app */;
			productType = "com.apple.product-type.application";
		};
/* End PBXNativeTarget section */

/* Begin PBXProject section */
		8A32889D29589FF50034CC83 /* Project object */ = {
			isa = PBXProject;
			attributes = {
				BuildIndependentTargetsInParallel = 1;
				LastSwiftUpdateCheck = 1420;
				LastUpgradeCheck = 1420;
				TargetAttributes = {
					8A3288A429589FF50034CC83 = {
						CreatedOnToolsVersion = 14.2;
					};
				};
			};
			buildConfigurationList = 8A3288A029589FF50034CC83 /* Build configuration list for PBXProject "Landmarks" */;
			compatibilityVersion = "Xcode 14.0";
			developmentRegion = en;
			hasScannedForEncodings = 0;
			knownRegions = (
				en,
				Base,
			);
			mainGroup = 8A32889C29589FF50034CC83;
			productRefGroup = 8A3288A629589FF50034CC83 /* Products */;
			projectDirPath = "";
			projectRoot = "";
			targets = (
				8A3288A429589FF50034CC83 /* Landmarks */,
			);
		};
/* End PBXProject section */

/* Begin PBXResourcesBuildPhase section */
		8A3288A329589FF50034CC83 /* Resources */ = {
			isa = PBXResourcesBuildPhase;
			buildActionMask = 2147483647;
			files = (
				8A8A1E712A7323B5008C5DDA /* Scape.png in Resources */,
				8A8A1E702A7323B5008C5DDA /* Menu.png in Resources */,
				8A3288B029589FF70034CC83 /* Preview Assets.xcassets in Resources */,
				8A3288AD29589FF70034CC83 /* Assets.xcassets in Resources */,
				8A3288BB2958CE6C0034CC83 /* landmarkData.json in Resources */,
			);
			runOnlyForDeploymentPostprocessing = 0;
		};
/* End PBXResourcesBuildPhase section */

/* Begin PBXSourcesBuildPhase section */
		8A3288A129589FF50034CC83 /* Sources */ = {
			isa = PBXSourcesBuildPhase;
			buildActionMask = 2147483647;
			files = (
				8A3288AB29589FF50034CC83 /* ContentView.swift in Sources */,
				8A3288B92958BE750034CC83 /* MapView.swift in Sources */,
				8A3288A929589FF50034CC83 /* LandmarksApp.swift in Sources */,
				8A3288C62958E2C40034CC83 /* LandmarkList.swift in Sources */,
				8A3288C8295907230034CC83 /* LandmarkDetail.swift in Sources */,
				8A3288B72958A9A00034CC83 /* CircleImage.swift in Sources */,
				8A3288BD2958CEC40034CC83 /* Landmark.swift in Sources */,
				8A3288C42958DF0A0034CC83 /* LandmarkRow.swift in Sources */,
				8A3288BF2958D2DA0034CC83 /* ModelData.swift in Sources */,
			);
			runOnlyForDeploymentPostprocessing = 0;
		};
/* End PBXSourcesBuildPhase section */

/* Begin XCBuildConfiguration section */
		8A3288B129589FF70034CC83 /* Debug */ = {
			isa = XCBuildConfiguration;
			buildSettings = {
				ALWAYS_SEARCH_USER_PATHS = NO;
				CLANG_ANALYZER_NONNULL = YES;
				CLANG_ANALYZER_NUMBER_OBJECT_CONVERSION = YES_AGGRESSIVE;
				CLANG_CXX_LANGUAGE_STANDARD = "gnu++20";
				CLANG_ENABLE_MODULES = YES;
				CLANG_ENABLE_OBJC_ARC = YES;
				CLANG_ENABLE_OBJC_WEAK = YES;
				CLANG_WARN_BLOCK_CAPTURE_AUTORELEASING = YES;
				CLANG_WARN_BOOL_CONVERSION = YES;
				CLANG_WARN_COMMA = YES;
				CLANG_WARN_CONSTANT_CONVERSION = YES;
				CLANG_WARN_DEPRECATED_OBJC_IMPLEMENTATIONS = YES;
				CLANG_WARN_DIRECT_OBJC_ISA_USAGE = YES_ERROR;
				CLANG_WARN_DOCUMENTATION_COMMENTS = YES;
				CLANG_WARN_EMPTY_BODY = YES;
				CLANG_WARN_ENUM_CONVERSION = YES;
				CLANG_WARN_INFINITE_RECURSION = YES;
				CLANG_WARN_INT_CONVERSION = YES;
				CLANG_WARN_NON_LITERAL_NULL_CONVERSION = YES;
				CLANG_WARN_OBJC_IMPLICIT_RETAIN_SELF = YES;
				CLANG_WARN_OBJC_LITERAL_CONVERSION = YES;
				CLANG_WARN_OBJC_ROOT_CLASS = YES_ERROR;
				CLANG_WARN_QUOTED_INCLUDE_IN_FRAMEWORK_HEADER = YES;
				CLANG_WARN_RANGE_LOOP_ANALYSIS = YES;
				CLANG_WARN_STRICT_PROTOTYPES = YES;
				CLANG_WARN_SUSPICIOUS_MOVE = YES;
				CLANG_WARN_UNGUARDED_AVAILABILITY = YES_AGGRESSIVE;
				CLANG_WARN_UNREACHABLE_CODE = YES;
				CLANG_WARN__DUPLICATE_METHOD_MATCH = YES;
				COPY_PHASE_STRIP = NO;
				DEBUG_INFORMATION_FORMAT = dwarf;
				ENABLE_STRICT_OBJC_MSGSEND = YES;
				ENABLE_TESTABILITY = YES;
				GCC_C_LANGUAGE_STANDARD = gnu11;
				GCC_DYNAMIC_NO_PIC = NO;
				GCC_NO_COMMON_BLOCKS = YES;
				GCC_OPTIMIZATION_LEVEL = 0;
				GCC_PREPROCESSOR_DEFINITIONS = (
					"DEBUG=1",
					"$(inherited)",
				);
				GCC_WARN_64_TO_32_BIT_CONVERSION = YES;
				GCC_WARN_ABOUT_RETURN_TYPE = YES_ERROR;
				GCC_WARN_UNDECLARED_SELECTOR = YES;
				GCC_WARN_UNINITIALIZED_AUTOS = YES_AGGRESSIVE;
				GCC_WARN_UNUSED_FUNCTION = YES;
				GCC_WARN_UNUSED_VARIABLE = YES;
				IPHONEOS_DEPLOYMENT_TARGET = 16.2;
				MTL_ENABLE_DEBUG_INFO = INCLUDE_SOURCE;
				MTL_FAST_MATH = YES;
				ONLY_ACTIVE_ARCH = YES;
				SDKROOT = iphoneos;
				SWIFT_ACTIVE_COMPILATION_CONDITIONS = DEBUG;
				SWIFT_OPTIMIZATION_LEVEL = "-Onone";
			};
			name = Debug;
		};
		8A3288B229589FF70034CC83 /* Release */ = {
			isa = XCBuildConfiguration;
			buildSettings = {
				ALWAYS_SEARCH_USER_PATHS = NO;
				CLANG_ANALYZER_NONNULL = YES;
				CLANG_ANALYZER_NUMBER_OBJECT_CONVERSION = YES_AGGRESSIVE;
				CLANG_CXX_LANGUAGE_STANDARD = "gnu++20";
				CLANG_ENABLE_MODULES = YES;
				CLANG_ENABLE_OBJC_ARC = YES;
				CLANG_ENABLE_OBJC_WEAK = YES;
				CLANG_WARN_BLOCK_CAPTURE_AUTORELEASING = YES;
				CLANG_WARN_BOOL_CONVERSION = YES;
				CLANG_WARN_COMMA = YES;
				CLANG_WARN_CONSTANT_CONVERSION = YES;
				CLANG_WARN_DEPRECATED_OBJC_IMPLEMENTATIONS = YES;
				CLANG_WARN_DIRECT_OBJC_ISA_USAGE = YES_ERROR;
				CLANG_WARN_DOCUMENTATION_COMMENTS = YES;
				CLANG_WARN_EMPTY_BODY = YES;
				CLANG_WARN_ENUM_CONVERSION = YES;
				CLANG_WARN_INFINITE_RECURSION = YES;
				CLANG_WARN_INT_CONVERSION = YES;
				CLANG_WARN_NON_LITERAL_NULL_CONVERSION = YES;
				CLANG_WARN_OBJC_IMPLICIT_RETAIN_SELF = YES;
				CLANG_WARN_OBJC_LITERAL_CONVERSION = YES;
				CLANG_WARN_OBJC_ROOT_CLASS = YES_ERROR;
				CLANG_WARN_QUOTED_INCLUDE_IN_FRAMEWORK_HEADER = YES;
				CLANG_WARN_RANGE_LOOP_ANALYSIS = YES;
				CLANG_WARN_STRICT_PROTOTYPES = YES;
				CLANG_WARN_SUSPICIOUS_MOVE = YES;
				CLANG_WARN_UNGUARDED_AVAILABILITY = YES_AGGRESSIVE;
				CLANG_WARN_UNREACHABLE_CODE = YES;
				CLANG_WARN__DUPLICATE_METHOD_MATCH = YES;
				COPY_PHASE_STRIP = NO;
				DEBUG_INFORMATION_FORMAT = "dwarf-with-dsym";
				ENABLE_NS_ASSERTIONS = NO;
				ENABLE_STRICT_OBJC_MSGSEND = YES;
				GCC_C_LANGUAGE_STANDARD = gnu11;
				GCC_NO_COMMON_BLOCKS = YES;
				GCC_WARN_64_TO_32_BIT_CONVERSION = YES;
				GCC_WARN_ABOUT_RETURN_TYPE = YES_ERROR;
				GCC_WARN_UNDECLARED_SELECTOR = YES;
				GCC_WARN_UNINITIALIZED_AUTOS = YES_AGGRESSIVE;
				GCC_WARN_UNUSED_FUNCTION = YES;
				GCC_WARN_UNUSED_VARIABLE = YES;
				IPHONEOS_DEPLOYMENT_TARGET = 16.2;
				MTL_ENABLE_DEBUG_INFO = NO;
				MTL_FAST_MATH = YES;
				SDKROOT = iphoneos;
				SWIFT_COMPILATION_MODE = wholemodule;
				SWIFT_OPTIMIZATION_LEVEL = "-O";
				VALIDATE_PRODUCT = YES;
			};
			name = Release;
		};
		8A3288B429589FF70034CC83 /* Debug */ = {
			isa = XCBuildConfiguration;
			buildSettings = {
				ASSETCATALOG_COMPILER_APPICON_NAME = AppIcon;
				ASSETCATALOG_COMPILER_GLOBAL_ACCENT_COLOR_NAME = AccentColor;
				CODE_SIGN_STYLE = Automatic;
				CURRENT_PROJECT_VERSION = 1;
				DEVELOPMENT_ASSET_PATHS = "\"Landmarks/Preview Content\"";
				DEVELOPMENT_TEAM = GL3FM57RPP;
				ENABLE_PREVIEWS = YES;
				GENERATE_INFOPLIST_FILE = YES;
				INFOPLIST_KEY_UIApplicationSceneManifest_Generation = YES;
				INFOPLIST_KEY_UIApplicationSupportsIndirectInputEvents = YES;
				INFOPLIST_KEY_UILaunchScreen_Generation = YES;
				INFOPLIST_KEY_UISupportedInterfaceOrientations_iPad = "UIInterfaceOrientationPortrait UIInterfaceOrientationPortraitUpsideDown UIInterfaceOrientationLandscapeLeft UIInterfaceOrientationLandscapeRight";
				INFOPLIST_KEY_UISupportedInterfaceOrientations_iPhone = "UIInterfaceOrientationPortrait UIInterfaceOrientationLandscapeLeft UIInterfaceOrientationLandscapeRight";
				LD_RUNPATH_SEARCH_PATHS = (
					"$(inherited)",
					"@executable_path/Frameworks",
				);
				MARKETING_VERSION = 1.0;
				PRODUCT_BUNDLE_IDENTIFIER = eraykayur.Landmarks;
				PRODUCT_NAME = "$(TARGET_NAME)";
				SWIFT_EMIT_LOC_STRINGS = YES;
				SWIFT_VERSION = 5.0;
				TARGETED_DEVICE_FAMILY = "1,2";
			};
			name = Debug;
		};
		8A3288B529589FF70034CC83 /* Release */ = {
			isa = XCBuildConfiguration;
			buildSettings = {
				ASSETCATALOG_COMPILER_APPICON_NAME = AppIcon;
				ASSETCATALOG_COMPILER_GLOBAL_ACCENT_COLOR_NAME = AccentColor;
				CODE_SIGN_STYLE = Automatic;
				CURRENT_PROJECT_VERSION = 1;
				DEVELOPMENT_ASSET_PATHS = "\"Landmarks/Preview Content\"";
				DEVELOPMENT_TEAM = GL3FM57RPP;
				ENABLE_PREVIEWS = YES;
				GENERATE_INFOPLIST_FILE = YES;
				INFOPLIST_KEY_UIApplicationSceneManifest_Generation = YES;
				INFOPLIST_KEY_UIApplicationSupportsIndirectInputEvents = YES;
				INFOPLIST_KEY_UILaunchScreen_Generation = YES;
				INFOPLIST_KEY_UISupportedInterfaceOrientations_iPad = "UIInterfaceOrientationPortrait UIInterfaceOrientationPortraitUpsideDown UIInterfaceOrientationLandscapeLeft UIInterfaceOrientationLandscapeRight";
				INFOPLIST_KEY_UISupportedInterfaceOrientations_iPhone = "UIInterfaceOrientationPortrait UIInterfaceOrientationLandscapeLeft UIInterfaceOrientationLandscapeRight";
				LD_RUNPATH_SEARCH_PATHS = (
					"$(inherited)",
					"@executable_path/Frameworks",
				);
				MARKETING_VERSION = 1.0;
				PRODUCT_BUNDLE_IDENTIFIER = eraykayur.Landmarks;
				PRODUCT_NAME = "$(TARGET_NAME)";
				SWIFT_EMIT_LOC_STRINGS = YES;
				SWIFT_VERSION = 5.0;
				TARGETED_DEVICE_FAMILY = "1,2";
			};
			name = Release;
		};
/* End XCBuildConfiguration section */

/* Begin XCConfigurationList section */
		8A3288A029589FF50034CC83 /* Build configuration list for PBXProject "Landmarks" */ = {
			isa = XCConfigurationList;
			buildConfigurations = (
				8A3288B129589FF70034CC83 /* Debug */,
				8A3288B229589FF70034CC83 /* Release */,
			);
			defaultConfigurationIsVisible = 0;
			defaultConfigurationName = Release;
		};
		8A3288B329589FF70034CC83 /* Build configuration list for PBXNativeTarget "Landmarks" */ = {
			isa = XCConfigurationList;
			buildConfigurations = (
				8A3288B429589FF70034CC83 /* Debug */,
				8A3288B529589FF70034CC83 /* Release */,
			);
			defaultConfigurationIsVisible = 0;
			defaultConfigurationName = Release;
		};
/* End XCConfigurationList section */
	};
	rootObject = 8A32889D29589FF50034CC83 /* Project object */;
}
